{
  "name": "jenkins-mcp-server",
  "version": "1.0.6",
  "lockfileVersion": 3,
  "requires": true,
  "packages": {
    "": {
      "name": "jenkins-mcp-server",
      "version": "1.0.6",
      "license": "MIT",
      "os": [
        "darwin",
        "linux",
        "win32"
      ],
      "bin": {
        "jenkins-mcp-server": "bin/jenkins-mcp.js"
      },
      "engines": {
        "node": ">=14.0.0"
      }
    }
  }
}
